{
  "nodes": {
    "k8sapi": {
      "flake": false,
      "locked": {
        "narHash": "sha256-T+iOBjHkGzhap67Mx5PD6bOMfwQvdd5UkcpN5HE1pbM=",
        "type": "file",
        "url": "https://raw.githubusercontent.com/kubernetes/kubernetes/810e9e212ec5372d16b655f57b9231d8654a2179/api/openapi-spec/swagger.json"
      },
      "original": {
        "type": "file",
        "url": "https://raw.githubusercontent.com/kubernetes/kubernetes/810e9e212ec5372d16b655f57b9231d8654a2179/api/openapi-spec/swagger.json"
      }
    },
    "nixpkgs": {
      "locked": {
        "lastModified": 1748437600,
        "narHash": "sha256-hYKMs3ilp09anGO7xzfGs3JqEgUqFMnZ8GMAqI6/k04=",
        "owner": "NixOS",
        "repo": "nixpkgs",
        "rev": "7282cb574e0607e65224d33be8241eae7cfe0979",
        "type": "github"
      },
      "original": {
        "owner": "NixOS",
        "ref": "nixos-25.05",
        "repo": "nixpkgs",
        "type": "github"
      }
    },
    "root": {
      "inputs": {
        "k8sapi": "k8sapi",
        "nixpkgs": "nixpkgs"
      }
    }
  },
  "root": "root",
  "version": 7
}
